
Microsoft Visual Studio Solution File, Format Version 12.00
# Visual Studio 14
VisualStudioVersion = 14.0.25420.1
MinimumVisualStudioVersion = 10.0.40219.1
Project("{8BC9CEB8-8B4A-11D0-8D11-00A0C91BC942}") = "HelloGlfw", "HelloGlfw\HelloGlfw.vcxproj", "{88A836FF-AB46-4E3C-9DED-1043C3381C35}"
EndProject
Project("{8BC9CEB8-8B4A-11D0-8D11-00A0C91BC942}") = "GraphicsPrimitives", "GraphicsPrimitives\GraphicsPrimitives.vcxproj", "{A23534BC-9865-4B66-9CA9-6E998F5D29D7}"
EndProject
Project("{8BC9CEB8-8B4A-11D0-8D11-00A0C91BC942}") = "Buffers", "Buffers\Buffers.vcxproj", "{31EF077E-FCAE-49F8-B562-9C881CEFA6ED}"
EndProject
Project("{8BC9CEB8-8B4A-11D0-8D11-00A0C91BC942}") = "VertexSpecification", "VertexSpecification\VertexSpecification.vcxproj", "{B093DB57-15DE-4D44-BAC4-C63107907572}"
EndProject
Project("{8BC9CEB8-8B4A-11D0-8D11-00A0C91BC942}") = "DrawCommands", "DrawCommands\DrawCommands.vcxproj", "{E4FBBAF7-8902-46A5-BE93-11540C6266EF}"
EndProject
Project("{8BC9CEB8-8B4A-11D0-8D11-00A0C91BC942}") = "PrimitiveRestart", "PrimitiveRestart\PrimitiveRestart.vcxproj", "{723C04B3-2195-4BDE-A021-659E9D8CCAA1}"
EndProject
Project("{8BC9CEB8-8B4A-11D0-8D11-00A0C91BC942}") = "ModelLoading", "ModelLoading\ModelLoading.vcxproj", "{13B7EB5D-DD50-4A26-8BC6-37C907161883}"
EndProject
Project("{8BC9CEB8-8B4A-11D0-8D11-00A0C91BC942}") = "InstancedRendering", "InstancedRendering\InstancedRendering.vcxproj", "{A1CDDE5C-8117-47FC-8DC9-2821EED27855}"
EndProject
Project("{8BC9CEB8-8B4A-11D0-8D11-00A0C91BC942}") = "Multisampling", "Multisampling\Multisampling.vcxproj", "{28FEBE93-3754-442D-9498-CA8B50C2E719}"
EndProject
Project("{8BC9CEB8-8B4A-11D0-8D11-00A0C91BC942}") = "FragmentTesting", "FragmentTesting\FragmentTesting.vcxproj", "{514DE119-0A7B-45AD-A8E9-5D0F979EDFC9}"
EndProject
Project("{8BC9CEB8-8B4A-11D0-8D11-00A0C91BC942}") = "PolygonOffset", "PolygonOffset\PolygonOffset.vcxproj", "{948C60AC-790A-427D-B099-EAA6EF263748}"
EndProject
Project("{8BC9CEB8-8B4A-11D0-8D11-00A0C91BC942}") = "Blending", "Blending\Blending.vcxproj", "{A8A96571-DA97-425E-830C-7BD6F9868613}"
EndProject
Project("{8BC9CEB8-8B4A-11D0-8D11-00A0C91BC942}") = "Antialiasing", "Antialiasing\Antialiasing.vcxproj", "{490F7AAC-3C54-4579-A099-09E84FA4F6AD}"
EndProject
Project("{8BC9CEB8-8B4A-11D0-8D11-00A0C91BC942}") = "ConditionalRendering", "ConditionalRendering\ConditionalRendering.vcxproj", "{D455109D-3DBA-4398-9824-CF2511B74DF2}"
EndProject
Global
	GlobalSection(SolutionConfigurationPlatforms) = preSolution
		Debug|x64 = Debug|x64
		Debug|x86 = Debug|x86
		Release|x64 = Release|x64
		Release|x86 = Release|x86
	EndGlobalSection
	GlobalSection(ProjectConfigurationPlatforms) = postSolution
		{88A836FF-AB46-4E3C-9DED-1043C3381C35}.Debug|x64.ActiveCfg = Debug|x64
		{88A836FF-AB46-4E3C-9DED-1043C3381C35}.Debug|x64.Build.0 = Debug|x64
		{88A836FF-AB46-4E3C-9DED-1043C3381C35}.Debug|x86.ActiveCfg = Debug|Win32
		{88A836FF-AB46-4E3C-9DED-1043C3381C35}.Debug|x86.Build.0 = Debug|Win32
		{88A836FF-AB46-4E3C-9DED-1043C3381C35}.Release|x64.ActiveCfg = Release|x64
		{88A836FF-AB46-4E3C-9DED-1043C3381C35}.Release|x64.Build.0 = Release|x64
		{88A836FF-AB46-4E3C-9DED-1043C3381C35}.Release|x86.ActiveCfg = Release|Win32
		{88A836FF-AB46-4E3C-9DED-1043C3381C35}.Release|x86.Build.0 = Release|Win32
		{A23534BC-9865-4B66-9CA9-6E998F5D29D7}.Debug|x64.ActiveCfg = Debug|x64
		{A23534BC-9865-4B66-9CA9-6E998F5D29D7}.Debug|x64.Build.0 = Debug|x64
		{A23534BC-9865-4B66-9CA9-6E998F5D29D7}.Debug|x86.ActiveCfg = Debug|Win32
		{A23534BC-9865-4B66-9CA9-6E998F5D29D7}.Debug|x86.Build.0 = Debug|Win32
		{A23534BC-9865-4B66-9CA9-6E998F5D29D7}.Release|x64.ActiveCfg = Release|x64
		{A23534BC-9865-4B66-9CA9-6E998F5D29D7}.Release|x64.Build.0 = Release|x64
		{A23534BC-9865-4B66-9CA9-6E998F5D29D7}.Release|x86.ActiveCfg = Release|Win32
		{A23534BC-9865-4B66-9CA9-6E998F5D29D7}.Release|x86.Build.0 = Release|Win32
		{31EF077E-FCAE-49F8-B562-9C881CEFA6ED}.Debug|x64.ActiveCfg = Debug|x64
		{31EF077E-FCAE-49F8-B562-9C881CEFA6ED}.Debug|x64.Build.0 = Debug|x64
		{31EF077E-FCAE-49F8-B562-9C881CEFA6ED}.Debug|x86.ActiveCfg = Debug|Win32
		{31EF077E-FCAE-49F8-B562-9C881CEFA6ED}.Debug|x86.Build.0 = Debug|Win32
		{31EF077E-FCAE-49F8-B562-9C881CEFA6ED}.Release|x64.ActiveCfg = Release|x64
		{31EF077E-FCAE-49F8-B562-9C881CEFA6ED}.Release|x64.Build.0 = Release|x64
		{31EF077E-FCAE-49F8-B562-9C881CEFA6ED}.Release|x86.ActiveCfg = Release|Win32
		{31EF077E-FCAE-49F8-B562-9C881CEFA6ED}.Release|x86.Build.0 = Release|Win32
		{B093DB57-15DE-4D44-BAC4-C63107907572}.Debug|x64.ActiveCfg = Debug|x64
		{B093DB57-15DE-4D44-BAC4-C63107907572}.Debug|x64.Build.0 = Debug|x64
		{B093DB57-15DE-4D44-BAC4-C63107907572}.Debug|x86.ActiveCfg = Debug|Win32
		{B093DB57-15DE-4D44-BAC4-C63107907572}.Debug|x86.Build.0 = Debug|Win32
		{B093DB57-15DE-4D44-BAC4-C63107907572}.Release|x64.ActiveCfg = Release|x64
		{B093DB57-15DE-4D44-BAC4-C63107907572}.Release|x64.Build.0 = Release|x64
		{B093DB57-15DE-4D44-BAC4-C63107907572}.Release|x86.ActiveCfg = Release|Win32
		{B093DB57-15DE-4D44-BAC4-C63107907572}.Release|x86.Build.0 = Release|Win32
		{E4FBBAF7-8902-46A5-BE93-11540C6266EF}.Debug|x64.ActiveCfg = Debug|x64
		{E4FBBAF7-8902-46A5-BE93-11540C6266EF}.Debug|x64.Build.0 = Debug|x64
		{E4FBBAF7-8902-46A5-BE93-11540C6266EF}.Debug|x86.ActiveCfg = Debug|Win32
		{E4FBBAF7-8902-46A5-BE93-11540C6266EF}.Debug|x86.Build.0 = Debug|Win32
		{E4FBBAF7-8902-46A5-BE93-11540C6266EF}.Release|x64.ActiveCfg = Release|x64
		{E4FBBAF7-8902-46A5-BE93-11540C6266EF}.Release|x64.Build.0 = Release|x64
		{E4FBBAF7-8902-46A5-BE93-11540C6266EF}.Release|x86.ActiveCfg = Release|Win32
		{E4FBBAF7-8902-46A5-BE93-11540C6266EF}.Release|x86.Build.0 = Release|Win32
		{723C04B3-2195-4BDE-A021-659E9D8CCAA1}.Debug|x64.ActiveCfg = Debug|x64
		{723C04B3-2195-4BDE-A021-659E9D8CCAA1}.Debug|x64.Build.0 = Debug|x64
		{723C04B3-2195-4BDE-A021-659E9D8CCAA1}.Debug|x86.ActiveCfg = Debug|Win32
		{723C04B3-2195-4BDE-A021-659E9D8CCAA1}.Debug|x86.Build.0 = Debug|Win32
		{723C04B3-2195-4BDE-A021-659E9D8CCAA1}.Release|x64.ActiveCfg = Release|x64
		{723C04B3-2195-4BDE-A021-659E9D8CCAA1}.Release|x64.Build.0 = Release|x64
		{723C04B3-2195-4BDE-A021-659E9D8CCAA1}.Release|x86.ActiveCfg = Release|Win32
		{723C04B3-2195-4BDE-A021-659E9D8CCAA1}.Release|x86.Build.0 = Release|Win32
		{13B7EB5D-DD50-4A26-8BC6-37C907161883}.Debug|x64.ActiveCfg = Debug|x64
		{13B7EB5D-DD50-4A26-8BC6-37C907161883}.Debug|x64.Build.0 = Debug|x64
		{13B7EB5D-DD50-4A26-8BC6-37C907161883}.Debug|x86.ActiveCfg = Debug|Win32
		{13B7EB5D-DD50-4A26-8BC6-37C907161883}.Debug|x86.Build.0 = Debug|Win32
		{13B7EB5D-DD50-4A26-8BC6-37C907161883}.Release|x64.ActiveCfg = Release|x64
		{13B7EB5D-DD50-4A26-8BC6-37C907161883}.Release|x64.Build.0 = Release|x64
		{13B7EB5D-DD50-4A26-8BC6-37C907161883}.Release|x86.ActiveCfg = Release|Win32
		{13B7EB5D-DD50-4A26-8BC6-37C907161883}.Release|x86.Build.0 = Release|Win32
		{A1CDDE5C-8117-47FC-8DC9-2821EED27855}.Debug|x64.ActiveCfg = Debug|x64
		{A1CDDE5C-8117-47FC-8DC9-2821EED27855}.Debug|x64.Build.0 = Debug|x64
		{A1CDDE5C-8117-47FC-8DC9-2821EED27855}.Debug|x86.ActiveCfg = Debug|Win32
		{A1CDDE5C-8117-47FC-8DC9-2821EED27855}.Debug|x86.Build.0 = Debug|Win32
		{A1CDDE5C-8117-47FC-8DC9-2821EED27855}.Release|x64.ActiveCfg = Release|x64
		{A1CDDE5C-8117-47FC-8DC9-2821EED27855}.Release|x64.Build.0 = Release|x64
		{A1CDDE5C-8117-47FC-8DC9-2821EED27855}.Release|x86.ActiveCfg = Release|Win32
		{A1CDDE5C-8117-47FC-8DC9-2821EED27855}.Release|x86.Build.0 = Release|Win32
		{28FEBE93-3754-442D-9498-CA8B50C2E719}.Debug|x64.ActiveCfg = Debug|x64
		{28FEBE93-3754-442D-9498-CA8B50C2E719}.Debug|x64.Build.0 = Debug|x64
		{28FEBE93-3754-442D-9498-CA8B50C2E719}.Debug|x86.ActiveCfg = Debug|Win32
		{28FEBE93-3754-442D-9498-CA8B50C2E719}.Debug|x86.Build.0 = Debug|Win32
		{28FEBE93-3754-442D-9498-CA8B50C2E719}.Release|x64.ActiveCfg = Release|x64
		{28FEBE93-3754-442D-9498-CA8B50C2E719}.Release|x64.Build.0 = Release|x64
		{28FEBE93-3754-442D-9498-CA8B50C2E719}.Release|x86.ActiveCfg = Release|Win32
		{28FEBE93-3754-442D-9498-CA8B50C2E719}.Release|x86.Build.0 = Release|Win32
		{514DE119-0A7B-45AD-A8E9-5D0F979EDFC9}.Debug|x64.ActiveCfg = Debug|x64
		{514DE119-0A7B-45AD-A8E9-5D0F979EDFC9}.Debug|x64.Build.0 = Debug|x64
		{514DE119-0A7B-45AD-A8E9-5D0F979EDFC9}.Debug|x86.ActiveCfg = Debug|Win32
		{514DE119-0A7B-45AD-A8E9-5D0F979EDFC9}.Debug|x86.Build.0 = Debug|Win32
		{514DE119-0A7B-45AD-A8E9-5D0F979EDFC9}.Release|x64.ActiveCfg = Release|x64
		{514DE119-0A7B-45AD-A8E9-5D0F979EDFC9}.Release|x64.Build.0 = Release|x64
		{514DE119-0A7B-45AD-A8E9-5D0F979EDFC9}.Release|x86.ActiveCfg = Release|Win32
		{514DE119-0A7B-45AD-A8E9-5D0F979EDFC9}.Release|x86.Build.0 = Release|Win32
		{948C60AC-790A-427D-B099-EAA6EF263748}.Debug|x64.ActiveCfg = Debug|x64
		{948C60AC-790A-427D-B099-EAA6EF263748}.Debug|x64.Build.0 = Debug|x64
		{948C60AC-790A-427D-B099-EAA6EF263748}.Debug|x86.ActiveCfg = Debug|Win32
		{948C60AC-790A-427D-B099-EAA6EF263748}.Debug|x86.Build.0 = Debug|Win32
		{948C60AC-790A-427D-B099-EAA6EF263748}.Release|x64.ActiveCfg = Release|x64
		{948C60AC-790A-427D-B099-EAA6EF263748}.Release|x64.Build.0 = Release|x64
		{948C60AC-790A-427D-B099-EAA6EF263748}.Release|x86.ActiveCfg = Release|Win32
		{948C60AC-790A-427D-B099-EAA6EF263748}.Release|x86.Build.0 = Release|Win32
		{A8A96571-DA97-425E-830C-7BD6F9868613}.Debug|x64.ActiveCfg = Debug|x64
		{A8A96571-DA97-425E-830C-7BD6F9868613}.Debug|x64.Build.0 = Debug|x64
		{A8A96571-DA97-425E-830C-7BD6F9868613}.Debug|x86.ActiveCfg = Debug|Win32
		{A8A96571-DA97-425E-830C-7BD6F9868613}.Debug|x86.Build.0 = Debug|Win32
		{A8A96571-DA97-425E-830C-7BD6F9868613}.Release|x64.ActiveCfg = Release|x64
		{A8A96571-DA97-425E-830C-7BD6F9868613}.Release|x64.Build.0 = Release|x64
		{A8A96571-DA97-425E-830C-7BD6F9868613}.Release|x86.ActiveCfg = Release|Win32
		{A8A96571-DA97-425E-830C-7BD6F9868613}.Release|x86.Build.0 = Release|Win32
		{490F7AAC-3C54-4579-A099-09E84FA4F6AD}.Debug|x64.ActiveCfg = Debug|x64
		{490F7AAC-3C54-4579-A099-09E84FA4F6AD}.Debug|x64.Build.0 = Debug|x64
		{490F7AAC-3C54-4579-A099-09E84FA4F6AD}.Debug|x86.ActiveCfg = Debug|Win32
		{490F7AAC-3C54-4579-A099-09E84FA4F6AD}.Debug|x86.Build.0 = Debug|Win32
		{490F7AAC-3C54-4579-A099-09E84FA4F6AD}.Release|x64.ActiveCfg = Release|x64
		{490F7AAC-3C54-4579-A099-09E84FA4F6AD}.Release|x64.Build.0 = Release|x64
		{490F7AAC-3C54-4579-A099-09E84FA4F6AD}.Release|x86.ActiveCfg = Release|Win32
		{490F7AAC-3C54-4579-A099-09E84FA4F6AD}.Release|x86.Build.0 = Release|Win32
		{D455109D-3DBA-4398-9824-CF2511B74DF2}.Debug|x64.ActiveCfg = Debug|x64
		{D455109D-3DBA-4398-9824-CF2511B74DF2}.Debug|x64.Build.0 = Debug|x64
		{D455109D-3DBA-4398-9824-CF2511B74DF2}.Debug|x86.ActiveCfg = Debug|Win32
		{D455109D-3DBA-4398-9824-CF2511B74DF2}.Debug|x86.Build.0 = Debug|Win32
		{D455109D-3DBA-4398-9824-CF2511B74DF2}.Release|x64.ActiveCfg = Release|x64
		{D455109D-3DBA-4398-9824-CF2511B74DF2}.Release|x64.Build.0 = Release|x64
		{D455109D-3DBA-4398-9824-CF2511B74DF2}.Release|x86.ActiveCfg = Release|Win32
		{D455109D-3DBA-4398-9824-CF2511B74DF2}.Release|x86.Build.0 = Release|Win32
	EndGlobalSection
	GlobalSection(SolutionProperties) = preSolution
		HideSolutionNode = FALSE
	EndGlobalSection
EndGlobal
